
Microsoft Visual Studio Solution File, Format Version 12.00
# Visual Studio Version 18
VisualStudioVersion = 18.7.11919.86
MinimumVisualStudioVersion = 10.0.40219.1
Project("{2150E333-8FDC-42A3-9474-1A3956D46DE8}") = "src", "src", "{827E0CD3-B72D-47B6-A68D-7590B98EB39B}"
EndProject
Project("{FAE04EC0-301F-11D3-BF4B-00C04F79EFBC}") = "JOI.Delivery.Domain", "src\JOI.Delivery.Domain\JOI.Delivery.Domain.csproj", "{7AF6B541-EF93-4AAE-8639-4BEF2EADB94C}"
EndProject
Project("{FAE04EC0-301F-11D3-BF4B-00C04F79EFBC}") = "JOI.Delivery.Application", "src\JOI.Delivery.Application\JOI.Delivery.Application.csproj", "{ABAB8826-4850-4311-878B-1E4888A4DC01}"
EndProject
Project("{FAE04EC0-301F-11D3-BF4B-00C04F79EFBC}") = "JOI.Delivery.Infrastructure", "src\JOI.Delivery.Infrastructure\JOI.Delivery.Infrastructure.csproj", "{C7BC946E-6B25-4FE4-B3AB-6B1ACB45A5CD}"
EndProject
Project("{FAE04EC0-301F-11D3-BF4B-00C04F79EFBC}") = "JOI.Delivery.API", "src\JoiDelivery\JOI.Delivery.API.csproj", "{48997144-C5B4-4FE0-93AE-FA6F8C85E803}"
EndProject
Project("{2150E333-8FDC-42A3-9474-1A3956D46DE8}") = "tests", "tests", "{0AB3BF05-4346-4AA6-1389-037BE0695223}"
EndProject
Project("{FAE04EC0-301F-11D3-BF4B-00C04F79EFBC}") = "JOI.Delivery.Domain.Tests", "tests\JOI.Delivery.Domain.Tests\JOI.Delivery.Domain.Tests.csproj", "{F24BA8BB-DD73-419E-8CD4-3E6AF09C33C7}"
EndProject
Project("{FAE04EC0-301F-11D3-BF4B-00C04F79EFBC}") = "JOI.Delivery.Application.Tests", "tests\JOI.Delivery.Application.Tests\JOI.Delivery.Application.Tests.csproj", "{20B0AE95-87EC-4284-AF43-A11A78842B7C}"
EndProject
Project("{FAE04EC0-301F-11D3-BF4B-00C04F79EFBC}") = "JOI.Delivery.Infrastructure.Tests", "tests\JOI.Delivery.Infrastructure.Tests\JOI.Delivery.Infrastructure.Tests.csproj", "{699B64A6-5A16-4F7A-A4CF-47C8EC6DA6B3}"
EndProject
Global
	GlobalSection(SolutionConfigurationPlatforms) = preSolution
		Debug|Any CPU = Debug|Any CPU
		Debug|x64 = Debug|x64
		Debug|x86 = Debug|x86
		Release|Any CPU = Release|Any CPU
		Release|x64 = Release|x64
		Release|x86 = Release|x86
	EndGlobalSection
	GlobalSection(ProjectConfigurationPlatforms) = postSolution
		{7AF6B541-EF93-4AAE-8639-4BEF2EADB94C}.Debug|Any CPU.ActiveCfg = Debug|Any CPU
		{7AF6B541-EF93-4AAE-8639-4BEF2EADB94C}.Debug|Any CPU.Build.0 = Debug|Any CPU
		{7AF6B541-EF93-4AAE-8639-4BEF2EADB94C}.Debug|x64.ActiveCfg = Debug|Any CPU
		{7AF6B541-EF93-4AAE-8639-4BEF2EADB94C}.Debug|x64.Build.0 = Debug|Any CPU
		{7AF6B541-EF93-4AAE-8639-4BEF2EADB94C}.Debug|x86.ActiveCfg = Debug|Any CPU
		{7AF6B541-EF93-4AAE-8639-4BEF2EADB94C}.Debug|x86.Build.0 = Debug|Any CPU
		{7AF6B541-EF93-4AAE-8639-4BEF2EADB94C}.Release|Any CPU.ActiveCfg = Release|Any CPU
		{7AF6B541-EF93-4AAE-8639-4BEF2EADB94C}.Release|Any CPU.Build.0 = Release|Any CPU
		{7AF6B541-EF93-4AAE-8639-4BEF2EADB94C}.Release|x64.ActiveCfg = Release|Any CPU
		{7AF6B541-EF93-4AAE-8639-4BEF2EADB94C}.Release|x64.Build.0 = Release|Any CPU
		{7AF6B541-EF93-4AAE-8639-4BEF2EADB94C}.Release|x86.ActiveCfg = Release|Any CPU
		{7AF6B541-EF93-4AAE-8639-4BEF2EADB94C}.Release|x86.Build.0 = Release|Any CPU
		{ABAB8826-4850-4311-878B-1E4888A4DC01}.Debug|Any CPU.ActiveCfg = Debug|Any CPU
		{ABAB8826-4850-4311-878B-1E4888A4DC01}.Debug|Any CPU.Build.0 = Debug|Any CPU
		{ABAB8826-4850-4311-878B-1E4888A4DC01}.Debug|x64.ActiveCfg = Debug|Any CPU
		{ABAB8826-4850-4311-878B-1E4888A4DC01}.Debug|x64.Build.0 = Debug|Any CPU
		{ABAB8826-4850-4311-878B-1E4888A4DC01}.Debug|x86.ActiveCfg = Debug|Any CPU
		{ABAB8826-4850-4311-878B-1E4888A4DC01}.Debug|x86.Build.0 = Debug|Any CPU
		{ABAB8826-4850-4311-878B-1E4888A4DC01}.Release|Any CPU.ActiveCfg = Release|Any CPU
		{ABAB8826-4850-4311-878B-1E4888A4DC01}.Release|Any CPU.Build.0 = Release|Any CPU
		{ABAB8826-4850-4311-878B-1E4888A4DC01}.Release|x64.ActiveCfg = Release|Any CPU
		{ABAB8826-4850-4311-878B-1E4888A4DC01}.Release|x64.Build.0 = Release|Any CPU
		{ABAB8826-4850-4311-878B-1E4888A4DC01}.Release|x86.ActiveCfg = Release|Any CPU
		{ABAB8826-4850-4311-878B-1E4888A4DC01}.Release|x86.Build.0 = Release|Any CPU
		{C7BC946E-6B25-4FE4-B3AB-6B1ACB45A5CD}.Debug|Any CPU.ActiveCfg = Debug|Any CPU
		{C7BC946E-6B25-4FE4-B3AB-6B1ACB45A5CD}.Debug|Any CPU.Build.0 = Debug|Any CPU
		{C7BC946E-6B25-4FE4-B3AB-6B1ACB45A5CD}.Debug|x64.ActiveCfg = Debug|Any CPU
		{C7BC946E-6B25-4FE4-B3AB-6B1ACB45A5CD}.Debug|x64.Build.0 = Debug|Any CPU
		{C7BC946E-6B25-4FE4-B3AB-6B1ACB45A5CD}.Debug|x86.ActiveCfg = Debug|Any CPU
		{C7BC946E-6B25-4FE4-B3AB-6B1ACB45A5CD}.Debug|x86.Build.0 = Debug|Any CPU
		{C7BC946E-6B25-4FE4-B3AB-6B1ACB45A5CD}.Release|Any CPU.ActiveCfg = Release|Any CPU
		{C7BC946E-6B25-4FE4-B3AB-6B1ACB45A5CD}.Release|Any CPU.Build.0 = Release|Any CPU
		{C7BC946E-6B25-4FE4-B3AB-6B1ACB45A5CD}.Release|x64.ActiveCfg = Release|Any CPU
		{C7BC946E-6B25-4FE4-B3AB-6B1ACB45A5CD}.Release|x64.Build.0 = Release|Any CPU
		{C7BC946E-6B25-4FE4-B3AB-6B1ACB45A5CD}.Release|x86.ActiveCfg = Release|Any CPU
		{C7BC946E-6B25-4FE4-B3AB-6B1ACB45A5CD}.Release|x86.Build.0 = Release|Any CPU
		{48997144-C5B4-4FE0-93AE-FA6F8C85E803}.Debug|Any CPU.ActiveCfg = Debug|Any CPU
		{48997144-C5B4-4FE0-93AE-FA6F8C85E803}.Debug|Any CPU.Build.0 = Debug|Any CPU
		{48997144-C5B4-4FE0-93AE-FA6F8C85E803}.Debug|x64.ActiveCfg = Debug|Any CPU
		{48997144-C5B4-4FE0-93AE-FA6F8C85E803}.Debug|x64.Build.0 = Debug|Any CPU
		{48997144-C5B4-4FE0-93AE-FA6F8C85E803}.Debug|x86.ActiveCfg = Debug|Any CPU
		{48997144-C5B4-4FE0-93AE-FA6F8C85E803}.Debug|x86.Build.0 = Debug|Any CPU
		{48997144-C5B4-4FE0-93AE-FA6F8C85E803}.Release|Any CPU.ActiveCfg = Release|Any CPU
		{48997144-C5B4-4FE0-93AE-FA6F8C85E803}.Release|Any CPU.Build.0 = Release|Any CPU
		{48997144-C5B4-4FE0-93AE-FA6F8C85E803}.Release|x64.ActiveCfg = Release|Any CPU
		{48997144-C5B4-4FE0-93AE-FA6F8C85E803}.Release|x64.Build.0 = Release|Any CPU
		{48997144-C5B4-4FE0-93AE-FA6F8C85E803}.Release|x86.ActiveCfg = Release|Any CPU
		{48997144-C5B4-4FE0-93AE-FA6F8C85E803}.Release|x86.Build.0 = Release|Any CPU
		{F24BA8BB-DD73-419E-8CD4-3E6AF09C33C7}.Debug|Any CPU.ActiveCfg = Debug|Any CPU
		{F24BA8BB-DD73-419E-8CD4-3E6AF09C33C7}.Debug|Any CPU.Build.0 = Debug|Any CPU
		{F24BA8BB-DD73-419E-8CD4-3E6AF09C33C7}.Debug|x64.ActiveCfg = Debug|Any CPU
		{F24BA8BB-DD73-419E-8CD4-3E6AF09C33C7}.Debug|x64.Build.0 = Debug|Any CPU
		{F24BA8BB-DD73-419E-8CD4-3E6AF09C33C7}.Debug|x86.ActiveCfg = Debug|Any CPU
		{F24BA8BB-DD73-419E-8CD4-3E6AF09C33C7}.Debug|x86.Build.0 = Debug|Any CPU
		{F24BA8BB-DD73-419E-8CD4-3E6AF09C33C7}.Release|Any CPU.ActiveCfg = Release|Any CPU
		{F24BA8BB-DD73-419E-8CD4-3E6AF09C33C7}.Release|Any CPU.Build.0 = Release|Any CPU
		{F24BA8BB-DD73-419E-8CD4-3E6AF09C33C7}.Release|x64.ActiveCfg = Release|Any CPU
		{F24BA8BB-DD73-419E-8CD4-3E6AF09C33C7}.Release|x64.Build.0 = Release|Any CPU
		{F24BA8BB-DD73-419E-8CD4-3E6AF09C33C7}.Release|x86.ActiveCfg = Release|Any CPU
		{F24BA8BB-DD73-419E-8CD4-3E6AF09C33C7}.Release|x86.Build.0 = Release|Any CPU
		{20B0AE95-87EC-4284-AF43-A11A78842B7C}.Debug|Any CPU.ActiveCfg = Debug|Any CPU
		{20B0AE95-87EC-4284-AF43-A11A78842B7C}.Debug|Any CPU.Build.0 = Debug|Any CPU
		{20B0AE95-87EC-4284-AF43-A11A78842B7C}.Debug|x64.ActiveCfg = Debug|Any CPU
		{20B0AE95-87EC-4284-AF43-A11A78842B7C}.Debug|x64.Build.0 = Debug|Any CPU
		{20B0AE95-87EC-4284-AF43-A11A78842B7C}.Debug|x86.ActiveCfg = Debug|Any CPU
		{20B0AE95-87EC-4284-AF43-A11A78842B7C}.Debug|x86.Build.0 = Debug|Any CPU
		{20B0AE95-87EC-4284-AF43-A11A78842B7C}.Release|Any CPU.ActiveCfg = Release|Any CPU
		{20B0AE95-87EC-4284-AF43-A11A78842B7C}.Release|Any CPU.Build.0 = Release|Any CPU
		{20B0AE95-87EC-4284-AF43-A11A78842B7C}.Release|x64.ActiveCfg = Release|Any CPU
		{20B0AE95-87EC-4284-AF43-A11A78842B7C}.Release|x64.Build.0 = Release|Any CPU
		{20B0AE95-87EC-4284-AF43-A11A78842B7C}.Release|x86.ActiveCfg = Release|Any CPU
		{20B0AE95-87EC-4284-AF43-A11A78842B7C}.Release|x86.Build.0 = Release|Any CPU
		{699B64A6-5A16-4F7A-A4CF-47C8EC6DA6B3}.Debug|Any CPU.ActiveCfg = Debug|Any CPU
		{699B64A6-5A16-4F7A-A4CF-47C8EC6DA6B3}.Debug|Any CPU.Build.0 = Debug|Any CPU
		{699B64A6-5A16-4F7A-A4CF-47C8EC6DA6B3}.Debug|x64.ActiveCfg = Debug|Any CPU
		{699B64A6-5A16-4F7A-A4CF-47C8EC6DA6B3}.Debug|x64.Build.0 = Debug|Any CPU
		{699B64A6-5A16-4F7A-A4CF-47C8EC6DA6B3}.Debug|x86.ActiveCfg = Debug|Any CPU
		{699B64A6-5A16-4F7A-A4CF-47C8EC6DA6B3}.Debug|x86.Build.0 = Debug|Any CPU
		{699B64A6-5A16-4F7A-A4CF-47C8EC6DA6B3}.Release|Any CPU.ActiveCfg = Release|Any CPU
		{699B64A6-5A16-4F7A-A4CF-47C8EC6DA6B3}.Release|Any CPU.Build.0 = Release|Any CPU
		{699B64A6-5A16-4F7A-A4CF-47C8EC6DA6B3}.Release|x64.ActiveCfg = Release|Any CPU
		{699B64A6-5A16-4F7A-A4CF-47C8EC6DA6B3}.Release|x64.Build.0 = Release|Any CPU
		{699B64A6-5A16-4F7A-A4CF-47C8EC6DA6B3}.Release|x86.ActiveCfg = Release|Any CPU
		{699B64A6-5A16-4F7A-A4CF-47C8EC6DA6B3}.Release|x86.Build.0 = Release|Any CPU
	EndGlobalSection
	GlobalSection(SolutionProperties) = preSolution
		HideSolutionNode = FALSE
	EndGlobalSection
	GlobalSection(NestedProjects) = preSolution
		{7AF6B541-EF93-4AAE-8639-4BEF2EADB94C} = {827E0CD3-B72D-47B6-A68D-7590B98EB39B}
		{ABAB8826-4850-4311-878B-1E4888A4DC01} = {827E0CD3-B72D-47B6-A68D-7590B98EB39B}
		{C7BC946E-6B25-4FE4-B3AB-6B1ACB45A5CD} = {827E0CD3-B72D-47B6-A68D-7590B98EB39B}
		{48997144-C5B4-4FE0-93AE-FA6F8C85E803} = {827E0CD3-B72D-47B6-A68D-7590B98EB39B}
		{F24BA8BB-DD73-419E-8CD4-3E6AF09C33C7} = {0AB3BF05-4346-4AA6-1389-037BE0695223}
		{20B0AE95-87EC-4284-AF43-A11A78842B7C} = {0AB3BF05-4346-4AA6-1389-037BE0695223}
		{699B64A6-5A16-4F7A-A4CF-47C8EC6DA6B3} = {0AB3BF05-4346-4AA6-1389-037BE0695223}
	EndGlobalSection
	GlobalSection(ExtensibilityGlobals) = postSolution
		SolutionGuid = {C81C5036-1248-4719-990F-D5707A3271BD}
	EndGlobalSection
EndGlobal
